
Microsoft Visual Studio Solution File, Format Version 12.00
# Visual Studio Version 16
VisualStudioVersion = 16.0.32228.343
MinimumVisualStudioVersion = 10.0.40219.1
Project("{FAE04EC0-301F-11D3-BF4B-00C04F79EFBC}") = "OOP assesment one 2", "OOP assesment one 2\OOP assesment one 2.csproj", "{FEF189D8-7DF0-4582-A58E-78D5318A9524}"
EndProject
Global
	GlobalSection(SolutionConfigurationPlatforms) = preSolution
		Debug|Any CPU = Debug|Any CPU
		Release|Any CPU = Release|Any CPU
	EndGlobalSection
	GlobalSection(ProjectConfigurationPlatforms) = postSolution
		{FEF189D8-7DF0-4582-A58E-78D5318A9524}.Debug|Any CPU.ActiveCfg = Debug|Any CPU
		{FEF189D8-7DF0-4582-A58E-78D5318A9524}.Debug|Any CPU.Build.0 = Debug|Any CPU
		{FEF189D8-7DF0-4582-A58E-78D5318A9524}.Release|Any CPU.ActiveCfg = Release|Any CPU
		{FEF189D8-7DF0-4582-A58E-78D5318A9524}.Release|Any CPU.Build.0 = Release|Any CPU
	EndGlobalSection
	GlobalSection(SolutionProperties) = preSolution
		HideSolutionNode = FALSE
	EndGlobalSection
	GlobalSection(ExtensibilityGlobals) = postSolution
		SolutionGuid = {7B005A0A-57F4-4BCB-B552-A02DE98B9338}
	EndGlobalSection
EndGlobal
